GEM
  remote: https://rubygems.org/
  specs:
    airbrussh (1.6.2)
      sshkit (>= 1.6.1, != 1.7.0)
    base64 (0.3.0)
    bcrypt_pbkdf (1.1.2)
    capistrano (3.20.1)
      airbrussh (>= 1.0.0)
      i18n
      rake (>= 10.0.0)
      sshkit (>= 1.9.0)
    capistrano-nvm (0.0.7)
      capistrano (~> 3.1)
    concurrent-ruby (1.3.8)
    ed25519 (1.4.0)
    i18n (1.15.2)
      concurrent-ruby (~> 1.0)
    logger (1.7.0)
    mutex_m (0.3.0)
    net-scp (4.1.0)
      net-ssh (>= 2.6.5, < 8.0.0)
    net-sftp (4.0.0)
      net-ssh (>= 5.0.0, < 8.0.0)
    net-ssh (7.3.3)
    ostruct (0.6.3)
    rake (13.4.2)
    sshkit (1.25.1)
      base64
      logger
      net-scp (>= 1.1.2)
      net-sftp (>= 2.1.2)
      net-ssh (>= 2.8.0)
      ostruct

PLATFORMS
  ruby
  x86_64-linux

DEPENDENCIES
  bcrypt_pbkdf (~> 1.1, >= 1.1.2)
  capistrano (~> 3.20.1)
  capistrano-nvm
  ed25519 (~> 1.4.0)
  mutex_m

CHECKSUMS
  airbrussh (1.6.2) sha256=3278655b2d957d774589a17e01496149288cbd8f1158b377581d82db006401cc
  base64 (0.3.0) sha256=27337aeabad6ffae05c265c450490628ef3ebd4b67be58257393227588f5a97b
  bcrypt_pbkdf (1.1.2) sha256=c2414c23ce66869b3eb9f643d6a3374d8322dfb5078125c82792304c10b94cf6
  capistrano (3.20.1) sha256=b0d54ba5cf49bb194998bf6b427e889aa36ed05f545ecf7cc37acb9d529e9ae9
  capistrano-nvm (0.0.7) sha256=08840032d33705052a7d101781302c2938b56f28ea4d640ab3cba34f1ee8210f
  concurrent-ruby (1.3.8) sha256=b2f1be836e968ccc78ccfce277ea79c72a88633f22306782c16ff23fb415d1e1
  ed25519 (1.4.0) sha256=16e97f5198689a154247169f3453ef4cfd3f7a47481fde0ae33206cdfdcac506
  i18n (1.15.2) sha256=00f9eb62412fe593b2a65a97daa75300d37abb8f7202ec748e94b6d46a9dd1b5
  logger (1.7.0) sha256=196edec7cc44b66cfb40f9755ce11b392f21f7967696af15d274dde7edff0203
  mutex_m (0.3.0) sha256=cfcb04ac16b69c4813777022fdceda24e9f798e48092a2b817eb4c0a782b0751
  net-scp (4.1.0) sha256=a99b0b92a1e5d360b0de4ffbf2dc0c91531502d3d4f56c28b0139a7c093d1a5d
  net-sftp (4.0.0) sha256=65bb91c859c2f93b09826757af11b69af931a3a9155050f50d1b06d384526364
  net-ssh (7.3.3) sha256=831def58b2c51dcef66ec00d29397d4f210de89c19fe78f95873ca30f386e86a
  ostruct (0.6.3) sha256=95a2ed4a4bd1d190784e666b47b2d3f078e4a9efda2fccf18f84ddc6538ed912
  rake (13.4.2) sha256=cb825b2bd5f1f8e91ca37bddb4b9aaf345551b4731da62949be002fa89283701
  sshkit (1.25.1) sha256=be3f10b9d6eb0b44d5eaba3f7cbe41bc6bb894bce4339688ac20124391455b78

BUNDLED WITH
  4.0.8
